
Microsoft Visual Studio Solution File, Format Version 12.00
# Visual Studio Version 16
VisualStudioVersion = 16.0.29920.165
MinimumVisualStudioVersion = 10.0.40219.1
Project("{FAE04EC0-301F-11D3-BF4B-00C04F79EFBC}") = "ExcelDemoApp", "ExcelDemoApp.csproj", "{5FEDE87B-A919-4C8D-9511-1BC692493AED}"
EndProject
Global
	GlobalSection(SolutionConfigurationPlatforms) = preSolution
		Debug|Any CPU = Debug|Any CPU
		Release|Any CPU = Release|Any CPU
	EndGlobalSection
	GlobalSection(ProjectConfigurationPlatforms) = postSolution
		{5FEDE87B-A919-4C8D-9511-1BC692493AED}.Debug|Any CPU.ActiveCfg = Debug|Any CPU
		{5FEDE87B-A919-4C8D-9511-1BC692493AED}.Debug|Any CPU.Build.0 = Debug|Any CPU
		{5FEDE87B-A919-4C8D-9511-1BC692493AED}.Release|Any CPU.ActiveCfg = Release|Any CPU
		{5FEDE87B-A919-4C8D-9511-1BC692493AED}.Release|Any CPU.Build.0 = Release|Any CPU
	EndGlobalSection
	GlobalSection(SolutionProperties) = preSolution
		HideSolutionNode = FALSE
	EndGlobalSection
	GlobalSection(ExtensibilityGlobals) = postSolution
		SolutionGuid = {D8C1CC71-3DBF-4F89-9B0C-B35555B060B1}
	EndGlobalSection
EndGlobal
