
Microsoft Visual Studio Solution File, Format Version 12.00
# Visual Studio Version 16
VisualStudioVersion = 16.0.29920.165
MinimumVisualStudioVersion = 10.0.40219.1
Project("{FAE04EC0-301F-11D3-BF4B-00C04F79EFBC}") = "StopWatch", "StopWatch.csproj", "{D218314C-1D3E-40C0-9C4F-0645407C5320}"
EndProject
Global
	GlobalSection(SolutionConfigurationPlatforms) = preSolution
		Debug|Any CPU = Debug|Any CPU
		Release|Any CPU = Release|Any CPU
	EndGlobalSection
	GlobalSection(ProjectConfigurationPlatforms) = postSolution
		{D218314C-1D3E-40C0-9C4F-0645407C5320}.Debug|Any CPU.ActiveCfg = Debug|Any CPU
		{D218314C-1D3E-40C0-9C4F-0645407C5320}.Debug|Any CPU.Build.0 = Debug|Any CPU
		{D218314C-1D3E-40C0-9C4F-0645407C5320}.Release|Any CPU.ActiveCfg = Release|Any CPU
		{D218314C-1D3E-40C0-9C4F-0645407C5320}.Release|Any CPU.Build.0 = Release|Any CPU
	EndGlobalSection
	GlobalSection(SolutionProperties) = preSolution
		HideSolutionNode = FALSE
	EndGlobalSection
	GlobalSection(ExtensibilityGlobals) = postSolution
		SolutionGuid = {BD92663C-A3B8-4676-A29B-6C115599CCC1}
	EndGlobalSection
EndGlobal
