
Microsoft Visual Studio Solution File, Format Version 12.00
# Visual Studio Version 16
VisualStudioVersion = 16.0.29920.165
MinimumVisualStudioVersion = 10.0.40219.1
Project("{9A19103F-16F7-4668-BE54-9A1E7A4F7556}") = "Property_indexes", "Property_indexes.csproj", "{EE4D4D42-56B9-4AC5-AAC2-0368CEBA1A28}"
EndProject
Global
	GlobalSection(SolutionConfigurationPlatforms) = preSolution
		Debug|Any CPU = Debug|Any CPU
		Release|Any CPU = Release|Any CPU
	EndGlobalSection
	GlobalSection(ProjectConfigurationPlatforms) = postSolution
		{EE4D4D42-56B9-4AC5-AAC2-0368CEBA1A28}.Debug|Any CPU.ActiveCfg = Debug|Any CPU
		{EE4D4D42-56B9-4AC5-AAC2-0368CEBA1A28}.Debug|Any CPU.Build.0 = Debug|Any CPU
		{EE4D4D42-56B9-4AC5-AAC2-0368CEBA1A28}.Release|Any CPU.ActiveCfg = Release|Any CPU
		{EE4D4D42-56B9-4AC5-AAC2-0368CEBA1A28}.Release|Any CPU.Build.0 = Release|Any CPU
	EndGlobalSection
	GlobalSection(SolutionProperties) = preSolution
		HideSolutionNode = FALSE
	EndGlobalSection
	GlobalSection(ExtensibilityGlobals) = postSolution
		SolutionGuid = {14296C60-21E2-42B7-90E7-64DA1C39FC25}
	EndGlobalSection
EndGlobal
